
Microsoft Visual Studio Solution File, Format Version 12.00
# Visual Studio Version 17
VisualStudioVersion = 17.13.35806.99 d17.13
MinimumVisualStudioVersion = 10.0.40219.1
Project("{FAE04EC0-301F-11D3-BF4B-00C04F79EFBC}") = "GuessTheNameClient", "GuessTheNameClient\GuessTheNameClient.csproj", "{EC2C2A5C-F81A-4163-B5AF-8C5A0E512000}"
EndProject
Global
	GlobalSection(SolutionConfigurationPlatforms) = preSolution
		Debug|Any CPU = Debug|Any CPU
		Release|Any CPU = Release|Any CPU
	EndGlobalSection
	GlobalSection(ProjectConfigurationPlatforms) = postSolution
		{EC2C2A5C-F81A-4163-B5AF-8C5A0E512000}.Debug|Any CPU.ActiveCfg = Debug|Any CPU
		{EC2C2A5C-F81A-4163-B5AF-8C5A0E512000}.Debug|Any CPU.Build.0 = Debug|Any CPU
		{EC2C2A5C-F81A-4163-B5AF-8C5A0E512000}.Release|Any CPU.ActiveCfg = Release|Any CPU
		{EC2C2A5C-F81A-4163-B5AF-8C5A0E512000}.Release|Any CPU.Build.0 = Release|Any CPU
	EndGlobalSection
	GlobalSection(SolutionProperties) = preSolution
		HideSolutionNode = FALSE
	EndGlobalSection
	GlobalSection(ExtensibilityGlobals) = postSolution
		SolutionGuid = {EBE7FAEA-DB6A-458F-89E6-D80EB8D9D765}
	EndGlobalSection
EndGlobal
